
Microsoft Visual Studio Solution File, Format Version 12.00
# Visual Studio Version 16
VisualStudioVersion = 16.0.31005.135
MinimumVisualStudioVersion = 10.0.40219.1
Project("{F2A71F9B-5D33-465A-A702-920D77279786}") = "DevProfile", "DevProfile\DevProfile.fsproj", "{3A97040B-D587-4077-B574-F52665320E0E}"
EndProject
Global
	GlobalSection(SolutionConfigurationPlatforms) = preSolution
		Debug|Any CPU = Debug|Any CPU
		Release|Any CPU = Release|Any CPU
	EndGlobalSection
	GlobalSection(ProjectConfigurationPlatforms) = postSolution
		{3A97040B-D587-4077-B574-F52665320E0E}.Debug|Any CPU.ActiveCfg = Debug|Any CPU
		{3A97040B-D587-4077-B574-F52665320E0E}.Debug|Any CPU.Build.0 = Debug|Any CPU
		{3A97040B-D587-4077-B574-F52665320E0E}.Release|Any CPU.ActiveCfg = Release|Any CPU
		{3A97040B-D587-4077-B574-F52665320E0E}.Release|Any CPU.Build.0 = Release|Any CPU
	EndGlobalSection
	GlobalSection(SolutionProperties) = preSolution
		HideSolutionNode = FALSE
	EndGlobalSection
	GlobalSection(ExtensibilityGlobals) = postSolution
		SolutionGuid = {2DA6B98D-44A5-4581-B7AC-65A9C6D89C07}
	EndGlobalSection
EndGlobal
